
Microsoft Visual Studio Solution File, Format Version 12.00
# Visual Studio Version 16
VisualStudioVersion = 16.0.28809.33
MinimumVisualStudioVersion = 10.0.40219.1
Project("{FAE04EC0-301F-11D3-BF4B-00C04F79EFBC}") = "KillerSudokuSolver", "KillerSudokuSolver\KillerSudokuSolver.csproj", "{0A310888-423B-4C9D-ADE1-989522F922EA}"
EndProject
Project("{FAE04EC0-301F-11D3-BF4B-00C04F79EFBC}") = "SudokuTestProject", "SudokuTestProject\SudokuTestProject.csproj", "{996838CA-5B9F-4B61-8AE8-333B2055B0CD}"
EndProject
Global
	GlobalSection(SolutionConfigurationPlatforms) = preSolution
		Debug|Any CPU = Debug|Any CPU
		Release|Any CPU = Release|Any CPU
	EndGlobalSection
	GlobalSection(ProjectConfigurationPlatforms) = postSolution
		{0A310888-423B-4C9D-ADE1-989522F922EA}.Debug|Any CPU.ActiveCfg = Debug|Any CPU
		{0A310888-423B-4C9D-ADE1-989522F922EA}.Debug|Any CPU.Build.0 = Debug|Any CPU
		{0A310888-423B-4C9D-ADE1-989522F922EA}.Release|Any CPU.ActiveCfg = Release|Any CPU
		{0A310888-423B-4C9D-ADE1-989522F922EA}.Release|Any CPU.Build.0 = Release|Any CPU
		{996838CA-5B9F-4B61-8AE8-333B2055B0CD}.Debug|Any CPU.ActiveCfg = Debug|Any CPU
		{996838CA-5B9F-4B61-8AE8-333B2055B0CD}.Debug|Any CPU.Build.0 = Debug|Any CPU
		{996838CA-5B9F-4B61-8AE8-333B2055B0CD}.Release|Any CPU.ActiveCfg = Release|Any CPU
		{996838CA-5B9F-4B61-8AE8-333B2055B0CD}.Release|Any CPU.Build.0 = Release|Any CPU
	EndGlobalSection
	GlobalSection(SolutionProperties) = preSolution
		HideSolutionNode = FALSE
	EndGlobalSection
	GlobalSection(ExtensibilityGlobals) = postSolution
		SolutionGuid = {BF10A128-4353-4DEE-A08A-CD6E0E3DF45E}
	EndGlobalSection
EndGlobal
